
Microsoft Visual Studio Solution File, Format Version 12.00
# Visual Studio Version 16
VisualStudioVersion = 16.0.30011.22
MinimumVisualStudioVersion = 10.0.40219.1
Project("{FAE04EC0-301F-11D3-BF4B-00C04F79EFBC}") = "Common", "Common\Common.csproj", "{E902AA59-07DA-4FD4-9D64-1DCB0198DFA4}"
EndProject
Project("{FAE04EC0-301F-11D3-BF4B-00C04F79EFBC}") = "Program", "Program\Program.csproj", "{B9CE6884-FE52-485D-9BE9-5723B8A2138A}"
EndProject
Global
	GlobalSection(SolutionConfigurationPlatforms) = preSolution
		Debug|Any CPU = Debug|Any CPU
		Release|Any CPU = Release|Any CPU
	EndGlobalSection
	GlobalSection(ProjectConfigurationPlatforms) = postSolution
		{E902AA59-07DA-4FD4-9D64-1DCB0198DFA4}.Debug|Any CPU.ActiveCfg = Debug|Any CPU
		{E902AA59-07DA-4FD4-9D64-1DCB0198DFA4}.Debug|Any CPU.Build.0 = Debug|Any CPU
		{E902AA59-07DA-4FD4-9D64-1DCB0198DFA4}.Release|Any CPU.ActiveCfg = Release|Any CPU
		{E902AA59-07DA-4FD4-9D64-1DCB0198DFA4}.Release|Any CPU.Build.0 = Release|Any CPU
		{B9CE6884-FE52-485D-9BE9-5723B8A2138A}.Debug|Any CPU.ActiveCfg = Debug|Any CPU
		{B9CE6884-FE52-485D-9BE9-5723B8A2138A}.Debug|Any CPU.Build.0 = Debug|Any CPU
		{B9CE6884-FE52-485D-9BE9-5723B8A2138A}.Release|Any CPU.ActiveCfg = Release|Any CPU
		{B9CE6884-FE52-485D-9BE9-5723B8A2138A}.Release|Any CPU.Build.0 = Release|Any CPU
	EndGlobalSection
	GlobalSection(SolutionProperties) = preSolution
		HideSolutionNode = FALSE
	EndGlobalSection
	GlobalSection(ExtensibilityGlobals) = postSolution
		SolutionGuid = {B97E37F1-0313-481D-ABA7-F74181E69919}
	EndGlobalSection
EndGlobal
